// !$*UTF8*$!
{
	archiveVersion = 1;
	classes = {
	};
	objectVersion = 46;
	objects = {

/* Begin PBXBuildFile section */
		5E4C1B03153A93E40041FA10 /* UIKit.framework in Frameworks */ = {isa = PBXBuildFile; fileRef = 5E4C1B02153A93E40041FA10 /* UIKit.framework */; };
		5E4C1B05153A93E40041FA10 /* Foundation.framework in Frameworks */ = {isa = PBXBuildFile; fileRef = 5E4C1B04153A93E40041FA10 /* Foundation.framework */; };
		5E4C1B07153A93E40041FA10 /* CoreGraphics.framework in Frameworks */ = {isa = PBXBuildFile; fileRef = 5E4C1B06153A93E40041FA10 /* CoreGraphics.framework */; };
		5E4C1B0D153A93E40041FA10 /* InfoPlist.strings in Resources */ = {isa = PBXBuildFile; fileRef = 5E4C1B0B153A93E40041FA10 /* InfoPlist.strings */; };
		5E4C1B0F153A93E40041FA10 /* main.m in Sources */ = {isa = PBXBuildFile; fileRef = 5E4C1B0E153A93E40041FA10 /* main.m */; };
		5E4C1B13153A93E40041FA10 /* AppDelegate.m in Sources */ = {isa = PBXBuildFile; fileRef = 5E4C1B12153A93E40041FA10 /* AppDelegate.m */; };
		5E4C1B1B153A93E40041FA10 /* SenTestingKit.framework in Frameworks */ = {isa = PBXBuildFile; fileRef = 5E4C1B1A153A93E40041FA10 /* SenTestingKit.framework */; };
		5E4C1B1C153A93E40041FA10 /* UIKit.framework in Frameworks */ = {isa = PBXBuildFile; fileRef = 5E4C1B02153A93E40041FA10 /* UIKit.framework */; };
		5E4C1B1D153A93E40041FA10 /* Foundation.framework in Frameworks */ = {isa = PBXBuildFile; fileRef = 5E4C1B04153A93E40041FA10 /* Foundation.framework */; };
		5E4C1B25153A93E40041FA10 /* InfoPlist.strings in Resources */ = {isa = PBXBuildFile; fileRef = 5E4C1B23153A93E40041FA10 /* InfoPlist.strings */; };
		5E4C1B28153A93E40041FA10 /* HelloFacebookTests.m in Sources */ = {isa = PBXBuildFile; fileRef = 5E4C1B27153A93E40041FA10 /* HelloFacebookTests.m */; };
		5E4C1B81153AC5510041FA10 /* FBFrictionlessRequestSettings.m in Sources */ = {isa = PBXBuildFile; fileRef = 5E4C1B68153AC5510041FA10 /* FBFrictionlessRequestSettings.m */; };
		5E4C1B82153AC5510041FA10 /* FBDialog.bundle in Resources */ = {isa = PBXBuildFile; fileRef = 5E4C1B69153AC5510041FA10 /* FBDialog.bundle */; };
		5E4C1B83153AC5510041FA10 /* NSObject+SBJSON.m in Sources */ = {isa = PBXBuildFile; fileRef = 5E4C1B76153AC5510041FA10 /* NSObject+SBJSON.m */; };
		5E4C1B84153AC5510041FA10 /* NSString+SBJSON.m in Sources */ = {isa = PBXBuildFile; fileRef = 5E4C1B78153AC5510041FA10 /* NSString+SBJSON.m */; };
		5E4C1B85153AC5510041FA10 /* SBJSON.m in Sources */ = {isa = PBXBuildFile; fileRef = 5E4C1B7A153AC5510041FA10 /* SBJSON.m */; };
		5E4C1B86153AC5510041FA10 /* SBJsonBase.m in Sources */ = {isa = PBXBuildFile; fileRef = 5E4C1B7C153AC5510041FA10 /* SBJsonBase.m */; };
		5E4C1B87153AC5510041FA10 /* SBJsonParser.m in Sources */ = {isa = PBXBuildFile; fileRef = 5E4C1B7E153AC5510041FA10 /* SBJsonParser.m */; };
		5E4C1B88153AC5510041FA10 /* SBJsonWriter.m in Sources */ = {isa = PBXBuildFile; fileRef = 5E4C1B80153AC5510041FA10 /* SBJsonWriter.m */; };
		5E4C1B89153AC5510041FA10 /* FBRequest.m in Sources */ = {isa = PBXBuildFile; fileRef = 5E4C1B6D153AC5510041FA10 /* FBRequest.m */; };
		5E4C1B8A153AC5510041FA10 /* Facebook.m in Sources */ = {isa = PBXBuildFile; fileRef = 5E4C1B6E153AC5510041FA10 /* Facebook.m */; };
		5E4C1B8B153AC5510041FA10 /* FBLoginDialog.m in Sources */ = {isa = PBXBuildFile; fileRef = 5E4C1B71153AC5510041FA10 /* FBLoginDialog.m */; };
		5E4C1B8C153AC5510041FA10 /* FBDialog.m in Sources */ = {isa = PBXBuildFile; fileRef = 5E4C1B73153AC5510041FA10 /* FBDialog.m */; };
/* End PBXBuildFile section */

/* Begin PBXContainerItemProxy section */
		5E4C1B1E153A93E40041FA10 /* PBXContainerItemProxy */ = {
			isa = PBXContainerItemProxy;
			containerPortal = 5E4C1AF5153A93E30041FA10 /* Project object */;
			proxyType = 1;
			remoteGlobalIDString = 5E4C1AFD153A93E30041FA10;
			remoteInfo = HelloFacebook;
		};
/* End PBXContainerItemProxy section */

/* Begin PBXFileReference section */
		5E4C1AFE153A93E40041FA10 /* HelloFacebook.app */ = {isa = PBXFileReference; explicitFileType = wrapper.application; includeInIndex = 0; path = HelloFacebook.app; sourceTree = BUILT_PRODUCTS_DIR; };
		5E4C1B02153A93E40041FA10 /* UIKit.framework */ = {isa = PBXFileReference; lastKnownFileType = wrapper.framework; name = UIKit.framework; path = System/Library/Frameworks/UIKit.framework; sourceTree = SDKROOT; };
		5E4C1B04153A93E40041FA10 /* Foundation.framework */ = {isa = PBXFileReference; lastKnownFileType = wrapper.framework; name = Foundation.framework; path = System/Library/Frameworks/Foundation.framework; sourceTree = SDKROOT; };
		5E4C1B06153A93E40041FA10 /* CoreGraphics.framework */ = {isa = PBXFileReference; lastKnownFileType = wrapper.framework; name = CoreGraphics.framework; path = System/Library/Frameworks/CoreGraphics.framework; sourceTree = SDKROOT; };
		5E4C1B0A153A93E40041FA10 /* HelloFacebook-Info.plist */ = {isa = PBXFileReference; lastKnownFileType = text.plist.xml; path = "HelloFacebook-Info.plist"; sourceTree = "<group>"; };
		5E4C1B0C153A93E40041FA10 /* en */ = {isa = PBXFileReference; lastKnownFileType = text.plist.strings; name = en; path = en.lproj/InfoPlist.strings; sourceTree = "<group>"; };
		5E4C1B0E153A93E40041FA10 /* main.m */ = {isa = PBXFileReference; lastKnownFileType = sourcecode.c.objc; path = main.m; sourceTree = "<group>"; };
		5E4C1B10153A93E40041FA10 /* HelloFacebook-Prefix.pch */ = {isa = PBXFileReference; lastKnownFileType = sourcecode.c.h; path = "HelloFacebook-Prefix.pch"; sourceTree = "<group>"; };
		5E4C1B11153A93E40041FA10 /* AppDelegate.h */ = {isa = PBXFileReference; lastKnownFileType = sourcecode.c.h; path = AppDelegate.h; sourceTree = "<group>"; };
		5E4C1B12153A93E40041FA10 /* AppDelegate.m */ = {isa = PBXFileReference; lastKnownFileType = sourcecode.c.objc; path = AppDelegate.m; sourceTree = "<group>"; };
		5E4C1B19153A93E40041FA10 /* HelloFacebookTests.octest */ = {isa = PBXFileReference; explicitFileType = wrapper.cfbundle; includeInIndex = 0; path = HelloFacebookTests.octest; sourceTree = BUILT_PRODUCTS_DIR; };
		5E4C1B1A153A93E40041FA10 /* SenTestingKit.framework */ = {isa = PBXFileReference; lastKnownFileType = wrapper.framework; name = SenTestingKit.framework; path = Library/Frameworks/SenTestingKit.framework; sourceTree = DEVELOPER_DIR; };
		5E4C1B22153A93E40041FA10 /* HelloFacebookTests-Info.plist */ = {isa = PBXFileReference; lastKnownFileType = text.plist.xml; path = "HelloFacebookTests-Info.plist"; sourceTree = "<group>"; };
		5E4C1B24153A93E40041FA10 /* en */ = {isa = PBXFileReference; lastKnownFileType = text.plist.strings; name = en; path = en.lproj/InfoPlist.strings; sourceTree = "<group>"; };
		5E4C1B26153A93E40041FA10 /* HelloFacebookTests.h */ = {isa = PBXFileReference; lastKnownFileType = sourcecode.c.h; path = HelloFacebookTests.h; sourceTree = "<group>"; };
		5E4C1B27153A93E40041FA10 /* HelloFacebookTests.m */ = {isa = PBXFileReference; lastKnownFileType = sourcecode.c.objc; path = HelloFacebookTests.m; sourceTree = "<group>"; };
		5E4C1B67153AC5510041FA10 /* FBFrictionlessRequestSettings.h */ = {isa = PBXFileReference; fileEncoding = 4; lastKnownFileType = sourcecode.c.h; path = FBFrictionlessRequestSettings.h; sourceTree = "<group>"; };
		5E4C1B68153AC5510041FA10 /* FBFrictionlessRequestSettings.m */ = {isa = PBXFileReference; fileEncoding = 4; lastKnownFileType = sourcecode.c.objc; path = FBFrictionlessRequestSettings.m; sourceTree = "<group>"; };
		5E4C1B69153AC5510041FA10 /* FBDialog.bundle */ = {isa = PBXFileReference; lastKnownFileType = "wrapper.plug-in"; path = FBDialog.bundle; sourceTree = "<group>"; };
		5E4C1B6B153AC5510041FA10 /* FBConnect.h */ = {isa = PBXFileReference; fileEncoding = 4; lastKnownFileType = sourcecode.c.h; path = FBConnect.h; sourceTree = "<group>"; };
		5E4C1B6C153AC5510041FA10 /* FBRequest.h */ = {isa = PBXFileReference; fileEncoding = 4; lastKnownFileType = sourcecode.c.h; path = FBRequest.h; sourceTree = "<group>"; };
		5E4C1B6D153AC5510041FA10 /* FBRequest.m */ = {isa = PBXFileReference; fileEncoding = 4; lastKnownFileType = sourcecode.c.objc; path = FBRequest.m; sourceTree = "<group>"; };
		5E4C1B6E153AC5510041FA10 /* Facebook.m */ = {isa = PBXFileReference; fileEncoding = 4; lastKnownFileType = sourcecode.c.objc; path = Facebook.m; sourceTree = "<group>"; };
		5E4C1B6F153AC5510041FA10 /* Facebook.h */ = {isa = PBXFileReference; fileEncoding = 4; lastKnownFileType = sourcecode.c.h; path = Facebook.h; sourceTree = "<group>"; };
		5E4C1B70153AC5510041FA10 /* FBLoginDialog.h */ = {isa = PBXFileReference; fileEncoding = 4; lastKnownFileType = sourcecode.c.h; path = FBLoginDialog.h; sourceTree = "<group>"; };
		5E4C1B71153AC5510041FA10 /* FBLoginDialog.m */ = {isa = PBXFileReference; fileEncoding = 4; lastKnownFileType = sourcecode.c.objc; path = FBLoginDialog.m; sourceTree = "<group>"; };
		5E4C1B72153AC5510041FA10 /* FBDialog.h */ = {isa = PBXFileReference; fileEncoding = 4; lastKnownFileType = sourcecode.c.h; path = FBDialog.h; sourceTree = "<group>"; };
		5E4C1B73153AC5510041FA10 /* FBDialog.m */ = {isa = PBXFileReference; fileEncoding = 4; lastKnownFileType = sourcecode.c.objc; path = FBDialog.m; sourceTree = "<group>"; };
		5E4C1B74153AC5510041FA10 /* JSON.h */ = {isa = PBXFileReference; fileEncoding = 4; lastKnownFileType = sourcecode.c.h; path = JSON.h; sourceTree = "<group>"; };
		5E4C1B75153AC5510041FA10 /* NSObject+SBJSON.h */ = {isa = PBXFileReference; fileEncoding = 4; lastKnownFileType = sourcecode.c.h; path = "NSObject+SBJSON.h"; sourceTree = "<group>"; };
		5E4C1B76153AC5510041FA10 /* NSObject+SBJSON.m */ = {isa = PBXFileReference; fileEncoding = 4; lastKnownFileType = sourcecode.c.objc; path = "NSObject+SBJSON.m"; sourceTree = "<group>"; };
		5E4C1B77153AC5510041FA10 /* NSString+SBJSON.h */ = {isa = PBXFileReference; fileEncoding = 4; lastKnownFileType = sourcecode.c.h; path = "NSString+SBJSON.h"; sourceTree = "<group>"; };
		5E4C1B78153AC5510041FA10 /* NSString+SBJSON.m */ = {isa = PBXFileReference; fileEncoding = 4; lastKnownFileType = sourcecode.c.objc; path = "NSString+SBJSON.m"; sourceTree = "<group>"; };
		5E4C1B79153AC5510041FA10 /* SBJSON.h */ = {isa = PBXFileReference; fileEncoding = 4; lastKnownFileType = sourcecode.c.h; path = SBJSON.h; sourceTree = "<group>"; };
		5E4C1B7A153AC5510041FA10 /* SBJSON.m */ = {isa = PBXFileReference; fileEncoding = 4; lastKnownFileType = sourcecode.c.objc; path = SBJSON.m; sourceTree = "<group>"; };
		5E4C1B7B153AC5510041FA10 /* SBJsonBase.h */ = {isa = PBXFileReference; fileEncoding = 4; lastKnownFileType = sourcecode.c.h; path = SBJsonBase.h; sourceTree = "<group>"; };
		5E4C1B7C153AC5510041FA10 /* SBJsonBase.m */ = {isa = PBXFileReference; fileEncoding = 4; lastKnownFileType = sourcecode.c.objc; path = SBJsonBase.m; sourceTree = "<group>"; };
		5E4C1B7D153AC5510041FA10 /* SBJsonParser.h */ = {isa = PBXFileReference; fileEncoding = 4; lastKnownFileType = sourcecode.c.h; path = SBJsonParser.h; sourceTree = "<group>"; };
		5E4C1B7E153AC5510041FA10 /* SBJsonParser.m */ = {isa = PBXFileReference; fileEncoding = 4; lastKnownFileType = sourcecode.c.objc; path = SBJsonParser.m; sourceTree = "<group>"; };
		5E4C1B7F153AC5510041FA10 /* SBJsonWriter.h */ = {isa = PBXFileReference; fileEncoding = 4; lastKnownFileType = sourcecode.c.h; path = SBJsonWriter.h; sourceTree = "<group>"; };
		5E4C1B80153AC5510041FA10 /* SBJsonWriter.m */ = {isa = PBXFileReference; fileEncoding = 4; lastKnownFileType = sourcecode.c.objc; path = SBJsonWriter.m; sourceTree = "<group>"; };
/* End PBXFileReference section */

/* Begin PBXFrameworksBuildPhase section */
		5E4C1AFB153A93E30041FA10 /* Frameworks */ = {
			isa = PBXFrameworksBuildPhase;
			buildActionMask = 2147483647;
			files = (
				5E4C1B03153A93E40041FA10 /* UIKit.framework in Frameworks */,
				5E4C1B05153A93E40041FA10 /* Foundation.framework in Frameworks */,
				5E4C1B07153A93E40041FA10 /* CoreGraphics.framework in Frameworks */,
			);
			runOnlyForDeploymentPostprocessing = 0;
		};
		5E4C1B15153A93E40041FA10 /* Frameworks */ = {
			isa = PBXFrameworksBuildPhase;
			buildActionMask = 2147483647;
			files = (
				5E4C1B1B153A93E40041FA10 /* SenTestingKit.framework in Frameworks */,
				5E4C1B1C153A93E40041FA10 /* UIKit.framework in Frameworks */,
				5E4C1B1D153A93E40041FA10 /* Foundation.framework in Frameworks */,
			);
			runOnlyForDeploymentPostprocessing = 0;
		};
/* End PBXFrameworksBuildPhase section */

/* Begin PBXGroup section */
		5E4C1AF3153A93E30041FA10 = {
			isa = PBXGroup;
			children = (
				5E4C1B66153AC5510041FA10 /* FBConnect */,
				5E4C1B08153A93E40041FA10 /* HelloFacebook */,
				5E4C1B20153A93E40041FA10 /* HelloFacebookTests */,
				5E4C1B01153A93E40041FA10 /* Frameworks */,
				5E4C1AFF153A93E40041FA10 /* Products */,
			);
			sourceTree = "<group>";
		};
		5E4C1AFF153A93E40041FA10 /* Products */ = {
			isa = PBXGroup;
			children = (
				5E4C1AFE153A93E40041FA10 /* HelloFacebook.app */,
				5E4C1B19153A93E40041FA10 /* HelloFacebookTests.octest */,
			);
			name = Products;
			sourceTree = "<group>";
		};
		5E4C1B01153A93E40041FA10 /* Frameworks */ = {
			isa = PBXGroup;
			children = (
				5E4C1B02153A93E40041FA10 /* UIKit.framework */,
				5E4C1B04153A93E40041FA10 /* Foundation.framework */,
				5E4C1B06153A93E40041FA10 /* CoreGraphics.framework */,
				5E4C1B1A153A93E40041FA10 /* SenTestingKit.framework */,
			);
			name = Frameworks;
			sourceTree = "<group>";
		};
		5E4C1B08153A93E40041FA10 /* HelloFacebook */ = {
			isa = PBXGroup;
			children = (
				5E4C1B11153A93E40041FA10 /* AppDelegate.h */,
				5E4C1B12153A93E40041FA10 /* AppDelegate.m */,
				5E4C1B09153A93E40041FA10 /* Supporting Files */,
			);
			path = HelloFacebook;
			sourceTree = "<group>";
		};
		5E4C1B09153A93E40041FA10 /* Supporting Files */ = {
			isa = PBXGroup;
			children = (
				5E4C1B0A153A93E40041FA10 /* HelloFacebook-Info.plist */,
				5E4C1B0B153A93E40041FA10 /* InfoPlist.strings */,
				5E4C1B0E153A93E40041FA10 /* main.m */,
				5E4C1B10153A93E40041FA10 /* HelloFacebook-Prefix.pch */,
			);
			name = "Supporting Files";
			sourceTree = "<group>";
		};
		5E4C1B20153A93E40041FA10 /* HelloFacebookTests */ = {
			isa = PBXGroup;
			children = (
				5E4C1B26153A93E40041FA10 /* HelloFacebookTests.h */,
				5E4C1B27153A93E40041FA10 /* HelloFacebookTests.m */,
				5E4C1B21153A93E40041FA10 /* Supporting Files */,
			);
			path = HelloFacebookTests;
			sourceTree = "<group>";
		};
		5E4C1B21153A93E40041FA10 /* Supporting Files */ = {
			isa = PBXGroup;
			children = (
				5E4C1B22153A93E40041FA10 /* HelloFacebookTests-Info.plist */,
				5E4C1B23153A93E40041FA10 /* InfoPlist.strings */,
			);
			name = "Supporting Files";
			sourceTree = "<group>";
		};
		5E4C1B66153AC5510041FA10 /* FBConnect */ = {
			isa = PBXGroup;
			children = (
				5E4C1B67153AC5510041FA10 /* FBFrictionlessRequestSettings.h */,
				5E4C1B68153AC5510041FA10 /* FBFrictionlessRequestSettings.m */,
				5E4C1B69153AC5510041FA10 /* FBDialog.bundle */,
				5E4C1B6A153AC5510041FA10 /* JSON */,
				5E4C1B6B153AC5510041FA10 /* FBConnect.h */,
				5E4C1B6C153AC5510041FA10 /* FBRequest.h */,
				5E4C1B6D153AC5510041FA10 /* FBRequest.m */,
				5E4C1B6E153AC5510041FA10 /* Facebook.m */,
				5E4C1B6F153AC5510041FA10 /* Facebook.h */,
				5E4C1B70153AC5510041FA10 /* FBLoginDialog.h */,
				5E4C1B71153AC5510041FA10 /* FBLoginDialog.m */,
				5E4C1B72153AC5510041FA10 /* FBDialog.h */,
				5E4C1B73153AC5510041FA10 /* FBDialog.m */,
			);
			name = FBConnect;
			path = "facebook-ios-sdk/src";
			sourceTree = "<group>";
		};
		5E4C1B6A153AC5510041FA10 /* JSON */ = {
			isa = PBXGroup;
			children = (
				5E4C1B74153AC5510041FA10 /* JSON.h */,
				5E4C1B75153AC5510041FA10 /* NSObject+SBJSON.h */,
				5E4C1B76153AC5510041FA10 /* NSObject+SBJSON.m */,
				5E4C1B77153AC5510041FA10 /* NSString+SBJSON.h */,
				5E4C1B78153AC5510041FA10 /* NSString+SBJSON.m */,
				5E4C1B79153AC5510041FA10 /* SBJSON.h */,
				5E4C1B7A153AC5510041FA10 /* SBJSON.m */,
				5E4C1B7B153AC5510041FA10 /* SBJsonBase.h */,
				5E4C1B7C153AC5510041FA10 /* SBJsonBase.m */,
				5E4C1B7D153AC5510041FA10 /* SBJsonParser.h */,
				5E4C1B7E153AC5510041FA10 /* SBJsonParser.m */,
				5E4C1B7F153AC5510041FA10 /* SBJsonWriter.h */,
				5E4C1B80153AC5510041FA10 /* SBJsonWriter.m */,
			);
			path = JSON;
			sourceTree = "<group>";
		};
/* End PBXGroup section */

/* Begin PBXNativeTarget section */
		5E4C1AFD153A93E30041FA10 /* HelloFacebook */ = {
			isa = PBXNativeTarget;
			buildConfigurationList = 5E4C1B2B153A93E40041FA10 /* Build configuration list for PBXNativeTarget "HelloFacebook" */;
			buildPhases = (
				5E4C1AFA153A93E30041FA10 /* Sources */,
				5E4C1AFB153A93E30041FA10 /* Frameworks */,
				5E4C1AFC153A93E30041FA10 /* Resources */,
			);
			buildRules = (
			);
			dependencies = (
			);
			name = HelloFacebook;
			productName = HelloFacebook;
			productReference = 5E4C1AFE153A93E40041FA10 /* HelloFacebook.app */;
			productType = "com.apple.product-type.application";
		};
		5E4C1B18153A93E40041FA10 /* HelloFacebookTests */ = {
			isa = PBXNativeTarget;
			buildConfigurationList = 5E4C1B2E153A93E40041FA10 /* Build configuration list for PBXNativeTarget "HelloFacebookTests" */;
			buildPhases = (
				5E4C1B14153A93E40041FA10 /* Sources */,
				5E4C1B15153A93E40041FA10 /* Frameworks */,
				5E4C1B16153A93E40041FA10 /* Resources */,
				5E4C1B17153A93E40041FA10 /* ShellScript */,
			);
			buildRules = (
			);
			dependencies = (
				5E4C1B1F153A93E40041FA10 /* PBXTargetDependency */,
			);
			name = HelloFacebookTests;
			productName = HelloFacebookTests;
			productReference = 5E4C1B19153A93E40041FA10 /* HelloFacebookTests.octest */;
			productType = "com.apple.product-type.bundle";
		};
/* End PBXNativeTarget section */

/* Begin PBXProject section */
		5E4C1AF5153A93E30041FA10 /* Project object */ = {
			isa = PBXProject;
			attributes = {
				LastUpgradeCheck = 0420;
				ORGANIZATIONNAME = "CheerZ Kids (cheerz.cn)";
			};
			buildConfigurationList = 5E4C1AF8153A93E30041FA10 /* Build configuration list for PBXProject "HelloFacebook" */;
			compatibilityVersion = "Xcode 3.2";
			developmentRegion = English;
			hasScannedForEncodings = 0;
			knownRegions = (
				en,
			);
			mainGroup = 5E4C1AF3153A93E30041FA10;
			productRefGroup = 5E4C1AFF153A93E40041FA10 /* Products */;
			projectDirPath = "";
			projectRoot = "";
			targets = (
				5E4C1AFD153A93E30041FA10 /* HelloFacebook */,
				5E4C1B18153A93E40041FA10 /* HelloFacebookTests */,
			);
		};
/* End PBXProject section */

/* Begin PBXResourcesBuildPhase section */
		5E4C1AFC153A93E30041FA10 /* Resources */ = {
			isa = PBXResourcesBuildPhase;
			buildActionMask = 2147483647;
			files = (
				5E4C1B0D153A93E40041FA10 /* InfoPlist.strings in Resources */,
				5E4C1B82153AC5510041FA10 /* FBDialog.bundle in Resources */,
			);
			runOnlyForDeploymentPostprocessing = 0;
		};
		5E4C1B16153A93E40041FA10 /* Resources */ = {
			isa = PBXResourcesBuildPhase;
			buildActionMask = 2147483647;
			files = (
				5E4C1B25153A93E40041FA10 /* InfoPlist.strings in Resources */,
			);
			runOnlyForDeploymentPostprocessing = 0;
		};
/* End PBXResourcesBuildPhase section */

/* Begin PBXShellScriptBuildPhase section */
		5E4C1B17153A93E40041FA10 /* ShellScript */ = {
			isa = PBXShellScriptBuildPhase;
			buildActionMask = 2147483647;
			files = (
			);
			inputPaths = (
			);
			outputPaths = (
			);
			runOnlyForDeploymentPostprocessing = 0;
			shellPath = /bin/sh;
			shellScript = "# Run the unit tests in this test bundle.\n\"${SYSTEM_DEVELOPER_DIR}/Tools/RunUnitTests\"\n";
		};
/* End PBXShellScriptBuildPhase section */

/* Begin PBXSourcesBuildPhase section */
		5E4C1AFA153A93E30041FA10 /* Sources */ = {
			isa = PBXSourcesBuildPhase;
			buildActionMask = 2147483647;
			files = (
				5E4C1B0F153A93E40041FA10 /* main.m in Sources */,
				5E4C1B13153A93E40041FA10 /* AppDelegate.m in Sources */,
				5E4C1B81153AC5510041FA10 /* FBFrictionlessRequestSettings.m in Sources */,
				5E4C1B83153AC5510041FA10 /* NSObject+SBJSON.m in Sources */,
				5E4C1B84153AC5510041FA10 /* NSString+SBJSON.m in Sources */,
				5E4C1B85153AC5510041FA10 /* SBJSON.m in Sources */,
				5E4C1B86153AC5510041FA10 /* SBJsonBase.m in Sources */,
				5E4C1B87153AC5510041FA10 /* SBJsonParser.m in Sources */,
				5E4C1B88153AC5510041FA10 /* SBJsonWriter.m in Sources */,
				5E4C1B89153AC5510041FA10 /* FBRequest.m in Sources */,
				5E4C1B8A153AC5510041FA10 /* Facebook.m in Sources */,
				5E4C1B8B153AC5510041FA10 /* FBLoginDialog.m in Sources */,
				5E4C1B8C153AC5510041FA10 /* FBDialog.m in Sources */,
			);
			runOnlyForDeploymentPostprocessing = 0;
		};
		5E4C1B14153A93E40041FA10 /* Sources */ = {
			isa = PBXSourcesBuildPhase;
			buildActionMask = 2147483647;
			files = (
				5E4C1B28153A93E40041FA10 /* HelloFacebookTests.m in Sources */,
			);
			runOnlyForDeploymentPostprocessing = 0;
		};
/* End PBXSourcesBuildPhase section */

/* Begin PBXTargetDependency section */
		5E4C1B1F153A93E40041FA10 /* PBXTargetDependency */ = {
			isa = PBXTargetDependency;
			target = 5E4C1AFD153A93E30041FA10 /* HelloFacebook */;
			targetProxy = 5E4C1B1E153A93E40041FA10 /* PBXContainerItemProxy */;
		};
/* End PBXTargetDependency section */

/* Begin PBXVariantGroup section */
		5E4C1B0B153A93E40041FA10 /* InfoPlist.strings */ = {
			isa = PBXVariantGroup;
			children = (
				5E4C1B0C153A93E40041FA10 /* en */,
			);
			name = InfoPlist.strings;
			sourceTree = "<group>";
		};
		5E4C1B23153A93E40041FA10 /* InfoPlist.strings */ = {
			isa = PBXVariantGroup;
			children = (
				5E4C1B24153A93E40041FA10 /* en */,
			);
			name = InfoPlist.strings;
			sourceTree = "<group>";
		};
/* End PBXVariantGroup section */

/* Begin XCBuildConfiguration section */
		5E4C1B29153A93E40041FA10 /* Debug */ = {
			isa = XCBuildConfiguration;
			buildSettings = {
				ALWAYS_SEARCH_USER_PATHS = NO;
				ARCHS = "$(ARCHS_STANDARD_32_BIT)";
				CLANG_ENABLE_OBJC_ARC = YES;
				"CODE_SIGN_IDENTITY[sdk=iphoneos*]" = "iPhone Developer";
				COPY_PHASE_STRIP = NO;
				GCC_C_LANGUAGE_STANDARD = gnu99;
				GCC_DYNAMIC_NO_PIC = NO;
				GCC_OPTIMIZATION_LEVEL = 0;
				GCC_PREPROCESSOR_DEFINITIONS = (
					"DEBUG=1",
					"$(inherited)",
				);
				GCC_SYMBOLS_PRIVATE_EXTERN = NO;
				GCC_VERSION = com.apple.compilers.llvm.clang.1_0;
				GCC_WARN_ABOUT_MISSING_PROTOTYPES = YES;
				GCC_WARN_ABOUT_RETURN_TYPE = YES;
				GCC_WARN_UNUSED_VARIABLE = YES;
				IPHONEOS_DEPLOYMENT_TARGET = 5.0;
				SDKROOT = iphoneos;
				TARGETED_DEVICE_FAMILY = "1,2";
			};
			name = Debug;
		};
		5E4C1B2A153A93E40041FA10 /* Release */ = {
			isa = XCBuildConfiguration;
			buildSettings = {
				ALWAYS_SEARCH_USER_PATHS = NO;
				ARCHS = "$(ARCHS_STANDARD_32_BIT)";
				CLANG_ENABLE_OBJC_ARC = YES;
				"CODE_SIGN_IDENTITY[sdk=iphoneos*]" = "iPhone Developer";
				COPY_PHASE_STRIP = YES;
				GCC_C_LANGUAGE_STANDARD = gnu99;
				GCC_VERSION = com.apple.compilers.llvm.clang.1_0;
				GCC_WARN_ABOUT_MISSING_PROTOTYPES = YES;
				GCC_WARN_ABOUT_RETURN_TYPE = YES;
				GCC_WARN_UNUSED_VARIABLE = YES;
				IPHONEOS_DEPLOYMENT_TARGET = 5.0;
				OTHER_CFLAGS = "-DNS_BLOCK_ASSERTIONS=1";
				SDKROOT = iphoneos;
				TARGETED_DEVICE_FAMILY = "1,2";
				VALIDATE_PRODUCT = YES;
			};
			name = Release;
		};
		5E4C1B2C153A93E40041FA10 /* Debug */ = {
			isa = XCBuildConfiguration;
			buildSettings = {
				GCC_PRECOMPILE_PREFIX_HEADER = YES;
				GCC_PREFIX_HEADER = "HelloFacebook/HelloFacebook-Prefix.pch";
				INFOPLIST_FILE = "HelloFacebook/HelloFacebook-Info.plist";
				PRODUCT_NAME = "$(TARGET_NAME)";
				WRAPPER_EXTENSION = app;
			};
			name = Debug;
		};
		5E4C1B2D153A93E40041FA10 /* Release */ = {
			isa = XCBuildConfiguration;
			buildSettings = {
				GCC_PRECOMPILE_PREFIX_HEADER = YES;
				GCC_PREFIX_HEADER = "HelloFacebook/HelloFacebook-Prefix.pch";
				INFOPLIST_FILE = "HelloFacebook/HelloFacebook-Info.plist";
				PRODUCT_NAME = "$(TARGET_NAME)";
				WRAPPER_EXTENSION = app;
			};
			name = Release;
		};
		5E4C1B2F153A93E40041FA10 /* Debug */ = {
			isa = XCBuildConfiguration;
			buildSettings = {
				BUNDLE_LOADER = "$(BUILT_PRODUCTS_DIR)/HelloFacebook.app/HelloFacebook";
				FRAMEWORK_SEARCH_PATHS = (
					"$(SDKROOT)/Developer/Library/Frameworks",
					"$(DEVELOPER_LIBRARY_DIR)/Frameworks",
				);
				GCC_PRECOMPILE_PREFIX_HEADER = YES;
				GCC_PREFIX_HEADER = "HelloFacebook/HelloFacebook-Prefix.pch";
				INFOPLIST_FILE = "HelloFacebookTests/HelloFacebookTests-Info.plist";
				PRODUCT_NAME = "$(TARGET_NAME)";
				TEST_HOST = "$(BUNDLE_LOADER)";
				WRAPPER_EXTENSION = octest;
			};
			name = Debug;
		};
		5E4C1B30153A93E40041FA10 /* Release */ = {
			isa = XCBuildConfiguration;
			buildSettings = {
				BUNDLE_LOADER = "$(BUILT_PRODUCTS_DIR)/HelloFacebook.app/HelloFacebook";
				FRAMEWORK_SEARCH_PATHS = (
					"$(SDKROOT)/Developer/Library/Frameworks",
					"$(DEVELOPER_LIBRARY_DIR)/Frameworks",
				);
				GCC_PRECOMPILE_PREFIX_HEADER = YES;
				GCC_PREFIX_HEADER = "HelloFacebook/HelloFacebook-Prefix.pch";
				INFOPLIST_FILE = "HelloFacebookTests/HelloFacebookTests-Info.plist";
				PRODUCT_NAME = "$(TARGET_NAME)";
				TEST_HOST = "$(BUNDLE_LOADER)";
				WRAPPER_EXTENSION = octest;
			};
			name = Release;
		};
/* End XCBuildConfiguration section */

/* Begin XCConfigurationList section */
		5E4C1AF8153A93E30041FA10 /* Build configuration list for PBXProject "HelloFacebook" */ = {
			isa = XCConfigurationList;
			buildConfigurations = (
				5E4C1B29153A93E40041FA10 /* Debug */,
				5E4C1B2A153A93E40041FA10 /* Release */,
			);
			defaultConfigurationIsVisible = 0;
			defaultConfigurationName = Release;
		};
		5E4C1B2B153A93E40041FA10 /* Build configuration list for PBXNativeTarget "HelloFacebook" */ = {
			isa = XCConfigurationList;
			buildConfigurations = (
				5E4C1B2C153A93E40041FA10 /* Debug */,
				5E4C1B2D153A93E40041FA10 /* Release */,
			);
			defaultConfigurationIsVisible = 0;
			defaultConfigurationName = Release;
		};
		5E4C1B2E153A93E40041FA10 /* Build configuration list for PBXNativeTarget "HelloFacebookTests" */ = {
			isa = XCConfigurationList;
			buildConfigurations = (
				5E4C1B2F153A93E40041FA10 /* Debug */,
				5E4C1B30153A93E40041FA10 /* Release */,
			);
			defaultConfigurationIsVisible = 0;
			defaultConfigurationName = Release;
		};
/* End XCConfigurationList section */
	};
	rootObject = 5E4C1AF5153A93E30041FA10 /* Project object */;
}
